# This file is automatically @generated by Cargo.
# It is not intended for manual editing.
version = 4

[[package]]
name = "aarch64-cpu"
version = "10.0.0"
source = "registry+https://github.com/rust-lang/crates.io-index"
checksum = "6a21cd0131c25c438e19cd6a774adf7e3f64f7f4d723022882facc2dee0f8bc9"
dependencies = [
 "tock-registers",
]

[[package]]
name = "adv_logger"
version = "13.0.0"
source = "registry+https://github.com/rust-lang/crates.io-index"
checksum = "1d02ca1d99db723bbad63a8fb611af58e0cf32e28c4549bc449f06780c100272"
dependencies = [
 "log",
 "mu_pi",
 "mu_rust_helpers",
 "r-efi",
 "spin",
 "uefi_sdk",
 "uefi_test",
]

[[package]]
name = "alloc-no-stdlib"
version = "2.0.4"
source = "registry+https://github.com/rust-lang/crates.io-index"
checksum = "cc7bb162ec39d46ab1ca8c77bf72e890535becd1751bb45f64c597edb4c8c6b3"

[[package]]
name = "arm-gic"
version = "0.1.2"
source = "registry+https://github.com/rust-lang/crates.io-index"
checksum = "8f0dcb1a29e42b98d24e0706354839b8d02f0d01445d819dc06cef8919a57548"
dependencies = [
 "bitflags 2.9.0",
]

[[package]]
name = "autocfg"
version = "1.4.0"
source = "registry+https://github.com/rust-lang/crates.io-index"
checksum = "ace50bade8e6234aa140d9a2f552bbee1db4d353f69b8217bc503490fc1a9f26"

[[package]]
name = "bit_field"
version = "0.10.2"
source = "registry+https://github.com/rust-lang/crates.io-index"
checksum = "dc827186963e592360843fb5ba4b973e145841266c1357f7180c43526f2e5b61"

[[package]]
name = "bitfield-struct"
version = "0.9.5"
source = "registry+https://github.com/rust-lang/crates.io-index"
checksum = "b2869c63ccf4f8bf0d485070b880e60e097fb7aeea80ee82a0a94a957e372a0b"
dependencies = [
 "proc-macro2",
 "quote",
 "syn",
]

[[package]]
name = "bitfield-struct"
version = "0.10.1"
source = "registry+https://github.com/rust-lang/crates.io-index"
checksum = "2be5a46ba01b60005ae2c51a36a29cfe134bcacae2dd5cedcd4615fbaad1494b"
dependencies = [
 "proc-macro2",
 "quote",
 "syn",
]

[[package]]
name = "bitflags"
version = "1.3.2"
source = "registry+https://github.com/rust-lang/crates.io-index"
checksum = "bef38d45163c2f1dde094a7dfd33ccf595c92905c8f8f4fdc18d06fb1037718a"

[[package]]
name = "bitflags"
version = "2.9.0"
source = "registry+https://github.com/rust-lang/crates.io-index"
checksum = "5c8214115b7bf84099f1309324e63141d4c5d7cc26862f97a0a857dbefe165bd"

[[package]]
name = "bitvec"
version = "1.0.1"
source = "registry+https://github.com/rust-lang/crates.io-index"
checksum = "1bc2832c24239b0141d5674bb9174f9d68a8b5b3f2753311927c172ca46f7e9c"
dependencies = [
 "funty",
 "radium",
 "tap",
 "wyz",
]

[[package]]
name = "boot_services"
version = "6.2.0"
source = "registry+https://github.com/rust-lang/crates.io-index"
checksum = "4c025be6994df32b10ea731efdde0a616175dbe84181198f032c2a887a99fdf5"
dependencies = [
 "r-efi",
 "uefi_protocol",
]

[[package]]
name = "brotli-decompressor"
version = "4.0.3"
source = "registry+https://github.com/rust-lang/crates.io-index"
checksum = "a334ef7c9e23abf0ce748e8cd309037da93e606ad52eb372e4ce327a0dcfbdfd"
dependencies = [
 "alloc-no-stdlib",
]

[[package]]
name = "cfg-if"
version = "1.0.0"
source = "registry+https://github.com/rust-lang/crates.io-index"
checksum = "baf1de4339761588bc0619e3cbc0120ee582ebb74b53b4efbf79117bd2da40fd"

[[package]]
name = "compile-time"
version = "0.2.0"
source = "registry+https://github.com/rust-lang/crates.io-index"
checksum = "e55ede5279d4d7c528906853743abeb26353ae1e6c440fcd6d18316c2c2dd903"
dependencies = [
 "once_cell",
 "proc-macro2",
 "quote",
 "rustc_version",
 "semver",
 "time",
]

[[package]]
name = "crc32fast"
version = "1.4.2"
source = "registry+https://github.com/rust-lang/crates.io-index"
checksum = "a97769d94ddab943e4510d138150169a2758b5ef3eb191a9ee688de3e23ef7b3"
dependencies = [
 "cfg-if",
]

[[package]]
name = "deranged"
version = "0.4.1"
source = "registry+https://github.com/rust-lang/crates.io-index"
checksum = "28cfac68e08048ae1883171632c2aef3ebc555621ae56fbccce1cbf22dd7f058"
dependencies = [
 "powerfmt",
]

[[package]]
name = "driver_binding"
version = "6.2.0"
source = "registry+https://github.com/rust-lang/crates.io-index"
checksum = "1aed3300e14623160930e1a8e33f408d0c20d61a3b628589c1d6781ab50d1ada"
dependencies = [
 "boot_services",
 "log",
 "r-efi",
 "uefi_protocol",
]

[[package]]
name = "dxe_core"
version = "13.0.0"
source = "registry+https://github.com/rust-lang/crates.io-index"
checksum = "2f56bb2c5909a6f108772e7d9c4548891d5d13f5ea83996c65edc9a7acabf011"
dependencies = [
 "arm-gic",
 "compile-time",
 "crc32fast",
 "goblin",
 "lazy_static",
 "linked_list_allocator",
 "log",
 "mu_pi",
 "mu_rust_helpers",
 "paging",
 "r-efi",
 "scroll",
 "spin",
 "uefi_collections",
 "uefi_corosensei",
 "uefi_cpu",
 "uefi_debugger",
 "uefi_depex",
 "uefi_device_path",
 "uefi_performance",
 "uefi_sdk",
 "uuid",
]

[[package]]
name = "fallible-streaming-iterator"
version = "0.1.9"
source = "registry+https://github.com/rust-lang/crates.io-index"
checksum = "7360491ce676a36bf9bb3c56c1aa791658183a54d2744120f27285738d90465a"

[[package]]
name = "fixedbitset"
version = "0.5.7"
source = "registry+https://github.com/rust-lang/crates.io-index"
checksum = "1d674e81391d1e1ab681a28d99df07927c6d4aa5b027d7da16ba32d1d21ecd99"

[[package]]
name = "funty"
version = "2.0.0"
source = "registry+https://github.com/rust-lang/crates.io-index"
checksum = "e6d5a32815ae3f33302d95fdcb2ce17862f8c65363dcfd29360480ba1001fc9c"

[[package]]
name = "gdbstub"
version = "0.7.5"
source = "registry+https://github.com/rust-lang/crates.io-index"
checksum = "8062b93565ea9fe2e60a0dd3c252f0d48c27cf223dad7ead028e361181a2c1a5"
dependencies = [
 "bitflags 2.9.0",
 "cfg-if",
 "log",
 "managed",
 "num-traits",
 "paste",
]

[[package]]
name = "goblin"
version = "0.9.3"
source = "registry+https://github.com/rust-lang/crates.io-index"
checksum = "daa0a64d21a7eb230583b4c5f4e23b7e4e57974f96620f42a7e75e08ae66d745"
dependencies = [
 "log",
 "plain",
 "scroll",
]

[[package]]
name = "indoc"
version = "2.0.6"
source = "registry+https://github.com/rust-lang/crates.io-index"
checksum = "f4c7245a08504955605670dbf141fceab975f15ca21570696aebe9d2e71576bd"

[[package]]
name = "itoa"
version = "1.0.15"
source = "registry+https://github.com/rust-lang/crates.io-index"
checksum = "4a5f13b858c8d314ee3e8f639011f7ccefe71f97f96e50151fb991f267928e2c"

[[package]]
name = "lazy_static"
version = "1.5.0"
source = "registry+https://github.com/rust-lang/crates.io-index"
checksum = "bbd2bcb4c963f2ddae06a2efc7e9f3591312473c50c6685e1f298068316e66fe"
dependencies = [
 "spin",
]

[[package]]
name = "linked_list_allocator"
version = "0.10.5"
source = "registry+https://github.com/rust-lang/crates.io-index"
checksum = "9afa463f5405ee81cdb9cc2baf37e08ec7e4c8209442b5d72c04cfb2cd6e6286"
dependencies = [
 "spinning_top",
]

[[package]]
name = "linkme"
version = "0.3.32"
source = "registry+https://github.com/rust-lang/crates.io-index"
checksum = "22d227772b5999ddc0690e733f734f95ca05387e329c4084fe65678c51198ffe"
dependencies = [
 "linkme-impl",
]

[[package]]
name = "linkme-impl"
version = "0.3.32"
source = "registry+https://github.com/rust-lang/crates.io-index"
checksum = "71a98813fa0073a317ed6a8055dcd4722a49d9b862af828ee68449adb799b6be"
dependencies = [
 "proc-macro2",
 "quote",
 "syn",
]

[[package]]
name = "lock_api"
version = "0.4.12"
source = "registry+https://github.com/rust-lang/crates.io-index"
checksum = "07af8b9cdd281b7915f413fa73f29ebd5d55d0d3f0155584dade1ff18cea1b17"
dependencies = [
 "autocfg",
 "scopeguard",
]

[[package]]
name = "log"
version = "0.4.27"
source = "registry+https://github.com/rust-lang/crates.io-index"
checksum = "13dc2df351e3202783a1fe0d44375f7295ffb4049267b0f3018346dc122a1d94"

[[package]]
name = "managed"
version = "0.8.0"
source = "registry+https://github.com/rust-lang/crates.io-index"
checksum = "0ca88d725a0a943b096803bd34e73a4437208b6077654cc4ecb2947a5f91618d"

[[package]]
name = "mtrr"
version = "0.1.1"
source = "registry+https://github.com/rust-lang/crates.io-index"
checksum = "7caa7c8c8a487ec94ab9b612d58f3aeaad14f1e63b74a8d11148ac4a4cee5524"
dependencies = [
 "bitfield-struct 0.10.1",
 "cfg-if",
]

[[package]]
name = "mu_pi"
version = "5.2.3"
source = "registry+https://github.com/rust-lang/crates.io-index"
checksum = "7e842f7441b9946fcc0942bdddd404a171133a7df066ac84c18ba409bb285391"
dependencies = [
 "indoc",
 "num-traits",
 "r-efi",
 "uuid",
]

[[package]]
name = "mu_rust_helpers"
version = "3.0.1"
source = "registry+https://github.com/rust-lang/crates.io-index"
checksum = "eed038d2dc3a2d5f06774d526d677e4fb9ff054491c2d3a9fe27fe69804a361b"
dependencies = [
 "mu_uefi_decompress",
 "mu_uefi_guid",
 "mu_uefi_perf_timer",
]

[[package]]
name = "mu_uefi_decompress"
version = "3.0.1"
source = "registry+https://github.com/rust-lang/crates.io-index"
checksum = "ec6cd0d1d100d366e10f054039fdcf81002142d0561ed4eff7ed59bea370649c"
dependencies = [
 "bitvec",
 "log",
]

[[package]]
name = "mu_uefi_guid"
version = "3.0.1"
source = "registry+https://github.com/rust-lang/crates.io-index"
checksum = "65a4eecc186789a3686767e1653f220b947b0e552db1d8d1625c4b1e62711a9f"
dependencies = [
 "r-efi",
 "uuid",
]

[[package]]
name = "mu_uefi_perf_timer"
version = "3.0.1"
source = "registry+https://github.com/rust-lang/crates.io-index"
checksum = "6011d836af33966e1ed8fc93e892dc722a733fa8537525cdee73a56ded76f0fa"
dependencies = [
 "aarch64-cpu",
 "log",
]

[[package]]
name = "num-conv"
version = "0.1.0"
source = "registry+https://github.com/rust-lang/crates.io-index"
checksum = "51d515d32fb182ee37cda2ccdcb92950d6a3c2893aa280e540671c2cd0f3b1d9"

[[package]]
name = "num-traits"
version = "0.2.19"
source = "registry+https://github.com/rust-lang/crates.io-index"
checksum = "071dfc062690e90b734c0b2273ce72ad0ffa95f0c74596bc250dcfd960262841"
dependencies = [
 "autocfg",
]

[[package]]
name = "once_cell"
version = "1.21.3"
source = "registry+https://github.com/rust-lang/crates.io-index"
checksum = "42f5e15c9953c5e4ccceeb2e7382a716482c34515315f7b03532b8b4e8393d2d"

[[package]]
name = "paging"
version = "4.0.1"
source = "registry+https://github.com/rust-lang/crates.io-index"
checksum = "b9404e57a928b0f9e90f73c73986c11df02fe4a00b358107b995addec8ea7a47"
dependencies = [
 "bitfield-struct 0.10.1",
 "bitflags 2.9.0",
 "cfg-if",
 "log",
]

[[package]]
name = "paste"
version = "1.0.15"
source = "registry+https://github.com/rust-lang/crates.io-index"
checksum = "57c0d7b74b563b49d38dae00a0c37d4d6de9b432382b2892f0574ddcae73fd0a"

[[package]]
name = "plain"
version = "0.2.3"
source = "registry+https://github.com/rust-lang/crates.io-index"
checksum = "b4596b6d070b27117e987119b4dac604f3c58cfb0b191112e24771b2faeac1a6"

[[package]]
name = "powerfmt"
version = "0.2.0"
source = "registry+https://github.com/rust-lang/crates.io-index"
checksum = "439ee305def115ba05938db6eb1644ff94165c5ab5e9420d1c1bcedbba909391"

[[package]]
name = "proc-macro2"
version = "1.0.95"
source = "registry+https://github.com/rust-lang/crates.io-index"
checksum = "02b3e5e68a3a1a02aad3ec490a98007cbc13c37cbe84a3cd7b8e406d76e7f778"
dependencies = [
 "unicode-ident",
]

[[package]]
name = "qemu_dxe_core"
version = "0.3.1"
dependencies = [
 "adv_logger",
 "dxe_core",
 "log",
 "r-efi",
 "sample_components",
 "section_extractor",
 "stacktrace",
 "uefi_debugger",
 "uefi_sdk",
 "x86_64",
]

[[package]]
name = "quote"
version = "1.0.40"
source = "registry+https://github.com/rust-lang/crates.io-index"
checksum = "1885c039570dc00dcb4ff087a89e185fd56bae234ddc7f056a945bf36467248d"
dependencies = [
 "proc-macro2",
]

[[package]]
name = "r-efi"
version = "5.2.0"
source = "registry+https://github.com/rust-lang/crates.io-index"
checksum = "74765f6d916ee2faa39bc8e68e4f3ed8949b48cccdac59983d287a7cb71ce9c5"

[[package]]
name = "radium"
version = "0.7.0"
source = "registry+https://github.com/rust-lang/crates.io-index"
checksum = "dc33ff2d4973d518d823d61aa239014831e521c75da58e3df4840d3f47749d09"

[[package]]
name = "raw-cpuid"
version = "10.7.0"
source = "registry+https://github.com/rust-lang/crates.io-index"
checksum = "6c297679cb867470fa8c9f67dbba74a78d78e3e98d7cf2b08d6d71540f797332"
dependencies = [
 "bitflags 1.3.2",
]

[[package]]
name = "runtime_services"
version = "6.2.0"
source = "registry+https://github.com/rust-lang/crates.io-index"
checksum = "db74bce6e57f60693795cd2f11756baed8e4bbc7c5959b9ee37b29eb89f5c813"
dependencies = [
 "fallible-streaming-iterator",
 "r-efi",
]

[[package]]
name = "rustc_version"
version = "0.4.1"
source = "registry+https://github.com/rust-lang/crates.io-index"
checksum = "cfcb3a22ef46e85b45de6ee7e79d063319ebb6594faafcf1c225ea92ab6e9b92"
dependencies = [
 "semver",
]

[[package]]
name = "rustversion"
version = "1.0.20"
source = "registry+https://github.com/rust-lang/crates.io-index"
checksum = "eded382c5f5f786b989652c49544c4877d9f015cc22e145a5ea8ea66c2921cd2"

[[package]]
name = "sample_components"
version = "13.0.0"
source = "registry+https://github.com/rust-lang/crates.io-index"
checksum = "d07cb934358242fda20796dd5b9d19ddb6d4b30c9f2c7502b5620f01e863ba3f"
dependencies = [
 "log",
 "uefi_sdk",
]

[[package]]
name = "scopeguard"
version = "1.2.0"
source = "registry+https://github.com/rust-lang/crates.io-index"
checksum = "94143f37725109f92c262ed2cf5e59bce7498c01bcc1502d7b9afe439a4e9f49"

[[package]]
name = "scroll"
version = "0.12.0"
source = "registry+https://github.com/rust-lang/crates.io-index"
checksum = "6ab8598aa408498679922eff7fa985c25d58a90771bd6be794434c5277eab1a6"
dependencies = [
 "scroll_derive",
]

[[package]]
name = "scroll_derive"
version = "0.12.1"
source = "registry+https://github.com/rust-lang/crates.io-index"
checksum = "1783eabc414609e28a5ba76aee5ddd52199f7107a0b24c2e9746a1ecc34a683d"
dependencies = [
 "proc-macro2",
 "quote",
 "syn",
]

[[package]]
name = "section_extractor"
version = "14.0.1"
source = "registry+https://github.com/rust-lang/crates.io-index"
checksum = "c5d9a24380c28f4ef0e91c094637351d85b3439660445b3f66490e766dbd0a41"
dependencies = [
 "alloc-no-stdlib",
 "brotli-decompressor",
 "crc32fast",
 "log",
 "mu_pi",
 "mu_rust_helpers",
 "r-efi",
 "uefi_sdk",
]

[[package]]
name = "semver"
version = "1.0.26"
source = "registry+https://github.com/rust-lang/crates.io-index"
checksum = "56e6fa9c48d24d85fb3de5ad847117517440f6beceb7798af16b4a87d616b8d0"

[[package]]
name = "serde"
version = "1.0.219"
source = "registry+https://github.com/rust-lang/crates.io-index"
checksum = "5f0e2c6ed6606019b4e29e69dbaba95b11854410e5347d525002456dbbb786b6"
dependencies = [
 "serde_derive",
]

[[package]]
name = "serde_derive"
version = "1.0.219"
source = "registry+https://github.com/rust-lang/crates.io-index"
checksum = "5b0276cf7f2c73365f7157c8123c21cd9a50fbbd844757af28ca1f5925fc2a00"
dependencies = [
 "proc-macro2",
 "quote",
 "syn",
]

[[package]]
name = "spin"
version = "0.9.8"
source = "registry+https://github.com/rust-lang/crates.io-index"
checksum = "6980e8d7511241f8acf4aebddbb1ff938df5eebe98691418c4468d0b72a96a67"
dependencies = [
 "lock_api",
]

[[package]]
name = "spinning_top"
version = "0.2.5"
source = "registry+https://github.com/rust-lang/crates.io-index"
checksum = "5b9eb1a2f4c41445a3a0ff9abc5221c5fcd28e1f13cd7c0397706f9ac938ddb0"
dependencies = [
 "lock_api",
]

[[package]]
name = "stacktrace"
version = "14.0.1"
source = "registry+https://github.com/rust-lang/crates.io-index"
checksum = "e557500da68a2fe59ebea1b1e153d22dfd50b47c277b37628a3a2f812c95d9ab"
dependencies = [
 "cfg-if",
 "log",
]

[[package]]
name = "syn"
version = "2.0.101"
source = "registry+https://github.com/rust-lang/crates.io-index"
checksum = "8ce2b7fc941b3a24138a0a7cf8e858bfc6a992e7978a068a5c760deb0ed43caf"
dependencies = [
 "proc-macro2",
 "quote",
 "unicode-ident",
]

[[package]]
name = "tap"
version = "1.0.1"
source = "registry+https://github.com/rust-lang/crates.io-index"
checksum = "55937e1799185b12863d447f42597ed69d9928686b8d88a1df17376a097d8369"

[[package]]
name = "time"
version = "0.3.41"
source = "registry+https://github.com/rust-lang/crates.io-index"
checksum = "8a7619e19bc266e0f9c5e6686659d394bc57973859340060a69221e57dbc0c40"
dependencies = [
 "deranged",
 "itoa",
 "num-conv",
 "powerfmt",
 "serde",
 "time-core",
 "time-macros",
]

[[package]]
name = "time-core"
version = "0.1.4"
source = "registry+https://github.com/rust-lang/crates.io-index"
checksum = "c9e9a38711f559d9e3ce1cdb06dd7c5b8ea546bc90052da6d06bb76da74bb07c"

[[package]]
name = "time-macros"
version = "0.2.22"
source = "registry+https://github.com/rust-lang/crates.io-index"
checksum = "3526739392ec93fd8b359c8e98514cb3e8e021beb4e5f597b00a0221f8ed8a49"
dependencies = [
 "num-conv",
 "time-core",
]

[[package]]
name = "tock-registers"
version = "0.9.0"
source = "registry+https://github.com/rust-lang/crates.io-index"
checksum = "2b9e2fdb3a1e862c0661768b7ed25390811df1947a8acbfbefe09b47078d93c4"

[[package]]
name = "tpl_mutex"
version = "6.2.0"
source = "registry+https://github.com/rust-lang/crates.io-index"
checksum = "eb88bab214d61fd63fe9fa169613b72d06475cfa06d0b0df1541722bd921c516"
dependencies = [
 "boot_services",
 "r-efi",
]

[[package]]
name = "uart_16550"
version = "0.3.2"
source = "registry+https://github.com/rust-lang/crates.io-index"
checksum = "e492212ac378a5e00da953718dafb1340d9fbaf4f27d6f3c5cab03d931d1c049"
dependencies = [
 "bitflags 2.9.0",
 "rustversion",
 "x86",
]

[[package]]
name = "uefi_collections"
version = "13.0.0"
source = "registry+https://github.com/rust-lang/crates.io-index"
checksum = "a1ab79b43a9d452e77ed08f8642e80f8f667c611f5c41e5137104f01009b62ce"
dependencies = [
 "log",
]

[[package]]
name = "uefi_corosensei"
version = "0.1.3"
source = "registry+https://github.com/rust-lang/crates.io-index"
checksum = "3cb08f1b3a8577cd35e27ca5840e48dfcf87fab36ca9c7de329482955915f407"
dependencies = [
 "autocfg",
 "cfg-if",
 "scopeguard",
]

[[package]]
name = "uefi_cpu"
version = "14.0.1"
source = "registry+https://github.com/rust-lang/crates.io-index"
checksum = "41d718f56111ba8b2db1e8a8f99cbbaadcd1e80538566803ff844443d5212970"
dependencies = [
 "arm-gic",
 "cfg-if",
 "lazy_static",
 "log",
 "mtrr",
 "mu_pi",
 "paging",
 "r-efi",
 "spin",
 "stacktrace",
 "uefi_sdk",
 "x86_64",
]

[[package]]
name = "uefi_debugger"
version = "14.0.1"
source = "registry+https://github.com/rust-lang/crates.io-index"
checksum = "74b8f963450a8156e00248b245a457ce818650e524cc2f6bd2e9b7665bce3254"
dependencies = [
 "bitfield-struct 0.9.5",
 "cfg-if",
 "gdbstub",
 "log",
 "paging",
 "spin",
 "uefi_cpu",
 "uefi_sdk",
]

[[package]]
name = "uefi_depex"
version = "13.0.0"
source = "registry+https://github.com/rust-lang/crates.io-index"
checksum = "72d5883f26aa78ba92239765f248a6c286b940ab811f95c29355275b3c9eb3f0"
dependencies = [
 "log",
 "r-efi",
 "uuid",
]

[[package]]
name = "uefi_device_path"
version = "13.0.0"
source = "registry+https://github.com/rust-lang/crates.io-index"
checksum = "0331b07a7d871401a94c6cb719cb60a979dc82bb646bb50dac2e10f47afedc27"
dependencies = [
 "r-efi",
]

[[package]]
name = "uefi_performance"
version = "13.0.0"
source = "registry+https://github.com/rust-lang/crates.io-index"
checksum = "bb94cb17a28006676fe49f32abfc03092daab04cf98b1e7efbe040a9469b7155"
dependencies = [
 "log",
 "mu_pi",
 "mu_rust_helpers",
 "r-efi",
 "scroll",
 "uefi_device_path",
 "uefi_sdk",
 "uuid",
]

[[package]]
name = "uefi_protocol"
version = "6.2.0"
source = "registry+https://github.com/rust-lang/crates.io-index"
checksum = "632e1456e663200633069301f180546c7b9f031d04808823340467f1d3a4738c"
dependencies = [
 "mu_pi",
 "r-efi",
]

[[package]]
name = "uefi_sdk"
version = "6.2.0"
source = "registry+https://github.com/rust-lang/crates.io-index"
checksum = "02087b9edb3cc45c50a52a19ab16281269c5548e6733c8b437fc8a2b857ab7e3"
dependencies = [
 "boot_services",
 "cfg-if",
 "driver_binding",
 "fixedbitset",
 "log",
 "mu_pi",
 "r-efi",
 "runtime_services",
 "tpl_mutex",
 "uart_16550",
 "uefi_protocol",
 "uefi_sdk_macro",
 "x86_64",
]

[[package]]
name = "uefi_sdk_macro"
version = "6.2.0"
source = "registry+https://github.com/rust-lang/crates.io-index"
checksum = "e714e98ddf81c2518940a3acf4d1b8813ff96ef17297a190ae069741beebc679"
dependencies = [
 "proc-macro2",
 "quote",
 "syn",
 "uuid",
]

[[package]]
name = "uefi_test"
version = "13.0.0"
source = "registry+https://github.com/rust-lang/crates.io-index"
checksum = "3a0164250a00e846c809d5930b81ccebb06406619f12825a8e6223ad9376a27b"
dependencies = [
 "linkme",
 "log",
 "uefi_sdk",
 "uefi_test_macro",
]

[[package]]
name = "uefi_test_macro"
version = "13.0.0"
source = "registry+https://github.com/rust-lang/crates.io-index"
checksum = "e14c12d627d293eb66d6aed83a174702d06543a9c3fb530a6a0027b51db40899"
dependencies = [
 "proc-macro2",
 "quote",
 "syn",
]

[[package]]
name = "unicode-ident"
version = "1.0.18"
source = "registry+https://github.com/rust-lang/crates.io-index"
checksum = "5a5f39404a5da50712a4c1eecf25e90dd62b613502b7e925fd4e4d19b5c96512"

[[package]]
name = "uuid"
version = "1.16.0"
source = "registry+https://github.com/rust-lang/crates.io-index"
checksum = "458f7a779bf54acc9f347480ac654f68407d3aab21269a6e3c9f922acd9e2da9"

[[package]]
name = "volatile"
version = "0.4.6"
source = "registry+https://github.com/rust-lang/crates.io-index"
checksum = "442887c63f2c839b346c192d047a7c87e73d0689c9157b00b53dcc27dd5ea793"

[[package]]
name = "wyz"
version = "0.5.1"
source = "registry+https://github.com/rust-lang/crates.io-index"
checksum = "05f360fc0b24296329c78fda852a1e9ae82de9cf7b27dae4b7f62f118f77b9ed"
dependencies = [
 "tap",
]

[[package]]
name = "x86"
version = "0.52.0"
source = "registry+https://github.com/rust-lang/crates.io-index"
checksum = "2781db97787217ad2a2845c396a5efe286f87467a5810836db6d74926e94a385"
dependencies = [
 "bit_field",
 "bitflags 1.3.2",
 "raw-cpuid",
]

[[package]]
name = "x86_64"
version = "0.15.2"
source = "registry+https://github.com/rust-lang/crates.io-index"
checksum = "0f042214de98141e9c8706e8192b73f56494087cc55ebec28ce10f26c5c364ae"
dependencies = [
 "bit_field",
 "bitflags 2.9.0",
 "rustversion",
 "volatile",
]
