# This file is automatically @generated by Cargo.
# It is not intended for manual editing.
version = 3

[[package]]
name = "aarch64-cpu"
version = "9.4.0"
source = "registry+https://github.com/rust-lang/crates.io-index"
checksum = "ac42a04a61c19fc8196dd728022a784baecc5d63d7e256c01ad1b3fbfab26287"
dependencies = [
 "tock-registers",
]

[[package]]
name = "adv_logger"
version = "5.0.0"
source = "git+https://github.com/pop-project/uefi-dxe-core.git?rev=v6.0.0#4c69a19598b3c3e3dad33a2d158c092b876af279"
dependencies = [
 "log",
 "mu_pi",
 "mu_rust_helpers 1.2.0 (git+https://github.com/microsoft/mu_rust_helpers.git?tag=v1.2.0)",
 "r-efi",
 "spin 0.5.2",
 "uefi_component_interface",
 "uefi_sdk",
]

[[package]]
name = "ahash"
version = "0.8.11"
source = "registry+https://github.com/rust-lang/crates.io-index"
checksum = "e89da841a80418a9b391ebaea17f5c112ffaaa96f621d2c285b5174da76b9011"
dependencies = [
 "cfg-if",
 "const-random",
 "once_cell",
 "version_check",
 "zerocopy",
]

[[package]]
name = "alloc-no-stdlib"
version = "2.0.4"
source = "registry+https://github.com/rust-lang/crates.io-index"
checksum = "cc7bb162ec39d46ab1ca8c77bf72e890535becd1751bb45f64c597edb4c8c6b3"

[[package]]
name = "autocfg"
version = "1.4.0"
source = "registry+https://github.com/rust-lang/crates.io-index"
checksum = "ace50bade8e6234aa140d9a2f552bbee1db4d353f69b8217bc503490fc1a9f26"

[[package]]
name = "bit_field"
version = "0.10.2"
source = "registry+https://github.com/rust-lang/crates.io-index"
checksum = "dc827186963e592360843fb5ba4b973e145841266c1357f7180c43526f2e5b61"

[[package]]
name = "bitfield-struct"
version = "0.8.0"
source = "registry+https://github.com/rust-lang/crates.io-index"
checksum = "de05f8756f1c68937349406d4632ae96ae35901019b5e59c508d9c38c64715fb"
dependencies = [
 "proc-macro2",
 "quote",
 "syn",
]

[[package]]
name = "bitfield-struct"
version = "0.9.2"
source = "registry+https://github.com/rust-lang/crates.io-index"
checksum = "aad5e1745b6082358758e26ed8cf52ed6abb11c548491cc9bc21eb0fa6c14c36"
dependencies = [
 "proc-macro2",
 "quote",
 "syn",
]

[[package]]
name = "bitflags"
version = "1.3.2"
source = "registry+https://github.com/rust-lang/crates.io-index"
checksum = "bef38d45163c2f1dde094a7dfd33ccf595c92905c8f8f4fdc18d06fb1037718a"

[[package]]
name = "bitflags"
version = "2.6.0"
source = "registry+https://github.com/rust-lang/crates.io-index"
checksum = "b048fb63fd8b5923fc5aa7b340d8e156aec7ec02f0c78fa8a6ddc2613f6f71de"

[[package]]
name = "bitvec"
version = "1.0.1"
source = "registry+https://github.com/rust-lang/crates.io-index"
checksum = "1bc2832c24239b0141d5674bb9174f9d68a8b5b3f2753311927c172ca46f7e9c"
dependencies = [
 "funty",
 "radium",
 "tap",
 "wyz",
]

[[package]]
name = "boot_services"
version = "0.1.0"
source = "git+https://github.com/microsoft/mu_rust_helpers.git?tag=v1.2.0#b873b318e70833987422ceab7f61bcee9a487282"
dependencies = [
 "r-efi",
]

[[package]]
name = "brotli-decompressor"
version = "4.0.1"
source = "registry+https://github.com/rust-lang/crates.io-index"
checksum = "9a45bd2e4095a8b518033b128020dd4a55aab1c0a381ba4404a472630f4bc362"
dependencies = [
 "alloc-no-stdlib",
]

[[package]]
name = "cfg-if"
version = "1.0.0"
source = "registry+https://github.com/rust-lang/crates.io-index"
checksum = "baf1de4339761588bc0619e3cbc0120ee582ebb74b53b4efbf79117bd2da40fd"

[[package]]
name = "const-random"
version = "0.1.18"
source = "registry+https://github.com/rust-lang/crates.io-index"
checksum = "87e00182fe74b066627d63b85fd550ac2998d4b0bd86bfed477a0ae4c7c71359"
dependencies = [
 "const-random-macro",
]

[[package]]
name = "const-random-macro"
version = "0.1.16"
source = "registry+https://github.com/rust-lang/crates.io-index"
checksum = "f9d839f2a20b0aee515dc581a6172f2321f96cab76c1a38a4c584a194955390e"
dependencies = [
 "getrandom",
 "once_cell",
 "tiny-keccak",
]

[[package]]
name = "corosensei"
version = "0.1.3"
source = "git+https://github.com/pop-project/uefi-corosensei.git?rev=d27241e17a5f3c0703fe9871e6f68cd838c05c6d#d27241e17a5f3c0703fe9871e6f68cd838c05c6d"
dependencies = [
 "autocfg",
 "cfg-if",
 "scopeguard",
]

[[package]]
name = "crc32fast"
version = "1.4.2"
source = "registry+https://github.com/rust-lang/crates.io-index"
checksum = "a97769d94ddab943e4510d138150169a2758b5ef3eb191a9ee688de3e23ef7b3"
dependencies = [
 "cfg-if",
]

[[package]]
name = "crunchy"
version = "0.2.2"
source = "registry+https://github.com/rust-lang/crates.io-index"
checksum = "7a81dae078cea95a014a339291cec439d2f232ebe854a9d672b796c6afafa9b7"

[[package]]
name = "dxe_core"
version = "5.0.0"
source = "git+https://github.com/pop-project/uefi-dxe-core.git?rev=v6.0.0#4c69a19598b3c3e3dad33a2d158c092b876af279"
dependencies = [
 "ahash",
 "corosensei",
 "crc32fast",
 "goblin",
 "lazy_static",
 "linked_list_allocator",
 "log",
 "mu_pi",
 "mu_rust_helpers 1.2.0 (git+https://github.com/microsoft/mu_rust_helpers.git?tag=v1.2.0)",
 "r-efi",
 "scroll",
 "spin 0.5.2",
 "uefi_collections",
 "uefi_component_interface",
 "uefi_cpu",
 "uefi_debugger",
 "uefi_depex",
 "uefi_device_path",
 "uefi_sdk",
 "uuid",
]

[[package]]
name = "fallible-streaming-iterator"
version = "0.1.9"
source = "registry+https://github.com/rust-lang/crates.io-index"
checksum = "7360491ce676a36bf9bb3c56c1aa791658183a54d2744120f27285738d90465a"

[[package]]
name = "funty"
version = "2.0.0"
source = "registry+https://github.com/rust-lang/crates.io-index"
checksum = "e6d5a32815ae3f33302d95fdcb2ce17862f8c65363dcfd29360480ba1001fc9c"

[[package]]
name = "gdbstub"
version = "0.7.3"
source = "registry+https://github.com/rust-lang/crates.io-index"
checksum = "31c683a9f13de31432e6097131d5f385898c7f0635c0f392b9d0fa165063c8ac"
dependencies = [
 "bitflags 2.6.0",
 "cfg-if",
 "log",
 "managed",
 "num-traits",
 "paste",
]

[[package]]
name = "getrandom"
version = "0.2.15"
source = "registry+https://github.com/rust-lang/crates.io-index"
checksum = "c4567c8db10ae91089c99af84c68c38da3ec2f087c3f82960bcdbf3656b6f4d7"
dependencies = [
 "cfg-if",
 "libc",
 "wasi",
]

[[package]]
name = "goblin"
version = "0.9.2"
source = "registry+https://github.com/rust-lang/crates.io-index"
checksum = "53ab3f32d1d77146981dea5d6b1e8fe31eedcb7013e5e00d6ccd1259a4b4d923"
dependencies = [
 "log",
 "plain",
 "scroll",
]

[[package]]
name = "guid"
version = "0.1.0"
source = "git+https://github.com/microsoft/mu_rust_helpers.git?tag=v1.2.0#b873b318e70833987422ceab7f61bcee9a487282"
dependencies = [
 "r-efi",
 "uuid",
]

[[package]]
name = "indoc"
version = "2.0.5"
source = "registry+https://github.com/rust-lang/crates.io-index"
checksum = "b248f5224d1d606005e02c97f5aa4e88eeb230488bcc03bc9ca4d7991399f2b5"

[[package]]
name = "lazy_static"
version = "1.5.0"
source = "registry+https://github.com/rust-lang/crates.io-index"
checksum = "bbd2bcb4c963f2ddae06a2efc7e9f3591312473c50c6685e1f298068316e66fe"
dependencies = [
 "spin 0.9.8",
]

[[package]]
name = "libc"
version = "0.2.167"
source = "registry+https://github.com/rust-lang/crates.io-index"
checksum = "09d6582e104315a817dff97f75133544b2e094ee22447d2acf4a74e189ba06fc"

[[package]]
name = "linked_list_allocator"
version = "0.10.5"
source = "registry+https://github.com/rust-lang/crates.io-index"
checksum = "9afa463f5405ee81cdb9cc2baf37e08ec7e4c8209442b5d72c04cfb2cd6e6286"
dependencies = [
 "spinning_top",
]

[[package]]
name = "lock_api"
version = "0.4.12"
source = "registry+https://github.com/rust-lang/crates.io-index"
checksum = "07af8b9cdd281b7915f413fa73f29ebd5d55d0d3f0155584dade1ff18cea1b17"
dependencies = [
 "autocfg",
 "scopeguard",
]

[[package]]
name = "log"
version = "0.4.22"
source = "registry+https://github.com/rust-lang/crates.io-index"
checksum = "a7a70ba024b9dc04c27ea2f0c0548feb474ec5c54bba33a7f72f873a39d07b24"

[[package]]
name = "managed"
version = "0.8.0"
source = "registry+https://github.com/rust-lang/crates.io-index"
checksum = "0ca88d725a0a943b096803bd34e73a4437208b6077654cc4ecb2947a5f91618d"

[[package]]
name = "mtrr"
version = "0.1.0"
source = "git+https://github.com/pop-project/mtrr.git?rev=25a88e3e3062933b59b211bd01bc1f8a64b11f09#25a88e3e3062933b59b211bd01bc1f8a64b11f09"
dependencies = [
 "bitfield-struct 0.8.0",
]

[[package]]
name = "mu_pi"
version = "5.1.0"
source = "git+https://github.com/microsoft/mu_rust_pi.git?tag=v5.1.0#22a4459bd1fd7e9e7719956d73bce0bdd16e0daf"
dependencies = [
 "indoc",
 "num-traits",
 "r-efi",
 "uuid",
]

[[package]]
name = "mu_rust_helpers"
version = "1.2.0"
source = "git+https://github.com/microsoft/mu_rust_helpers.git?tag=v1.2.0#b873b318e70833987422ceab7f61bcee9a487282"
dependencies = [
 "boot_services",
 "guid",
 "perf_timer",
 "runtime_services",
 "tpl_mutex",
 "uefi_decompress 0.1.0 (git+https://github.com/microsoft/mu_rust_helpers.git?tag=v1.2.0)",
]

[[package]]
name = "mu_rust_helpers"
version = "1.2.0"
source = "git+https://github.com/microsoft/mu_rust_helpers?tag=v1.2.1#d44a8b9f95934ce893a88b154f9087035d8ad77f"
dependencies = [
 "uefi_decompress 0.1.0 (git+https://github.com/microsoft/mu_rust_helpers?tag=v1.2.1)",
]

[[package]]
name = "num-traits"
version = "0.2.19"
source = "registry+https://github.com/rust-lang/crates.io-index"
checksum = "071dfc062690e90b734c0b2273ce72ad0ffa95f0c74596bc250dcfd960262841"
dependencies = [
 "autocfg",
]

[[package]]
name = "once_cell"
version = "1.20.2"
source = "registry+https://github.com/rust-lang/crates.io-index"
checksum = "1261fe7e33c73b354eab43b1273a57c8f967d0391e80353e51f764ac02cf6775"

[[package]]
name = "paging"
version = "1.0.0"
source = "git+https://github.com/pop-project/paging.git?rev=4ca4452d6fdd2216abf8b0ba509b6ebe433e3646#4ca4452d6fdd2216abf8b0ba509b6ebe433e3646"
dependencies = [
 "bitfield-struct 0.9.2",
 "bitflags 2.6.0",
]

[[package]]
name = "paste"
version = "1.0.15"
source = "registry+https://github.com/rust-lang/crates.io-index"
checksum = "57c0d7b74b563b49d38dae00a0c37d4d6de9b432382b2892f0574ddcae73fd0a"

[[package]]
name = "perf_timer"
version = "0.1.0"
source = "git+https://github.com/microsoft/mu_rust_helpers.git?tag=v1.2.0#b873b318e70833987422ceab7f61bcee9a487282"
dependencies = [
 "aarch64-cpu",
]

[[package]]
name = "plain"
version = "0.2.3"
source = "registry+https://github.com/rust-lang/crates.io-index"
checksum = "b4596b6d070b27117e987119b4dac604f3c58cfb0b191112e24771b2faeac1a6"

[[package]]
name = "proc-macro2"
version = "1.0.92"
source = "registry+https://github.com/rust-lang/crates.io-index"
checksum = "37d3544b3f2748c54e147655edb5025752e2303145b5aefb3c3ea2c78b973bb0"
dependencies = [
 "unicode-ident",
]

[[package]]
name = "qemu_dxe_core"
version = "0.0.2"
dependencies = [
 "adv_logger",
 "dxe_core",
 "log",
 "sample_components",
 "section_extractor",
 "uefi_cpu",
 "uefi_debugger",
 "uefi_sdk",
]

[[package]]
name = "quote"
version = "1.0.37"
source = "registry+https://github.com/rust-lang/crates.io-index"
checksum = "b5b9d34b8991d19d98081b46eacdd8eb58c6f2b201139f7c5f643cc155a633af"
dependencies = [
 "proc-macro2",
]

[[package]]
name = "r-efi"
version = "5.1.0"
source = "registry+https://github.com/rust-lang/crates.io-index"
checksum = "5a2af567ac9e1e7d2d11097ca14a1e463a5c06a2ee84c23c009b489b00afc1fc"

[[package]]
name = "radium"
version = "0.7.0"
source = "registry+https://github.com/rust-lang/crates.io-index"
checksum = "dc33ff2d4973d518d823d61aa239014831e521c75da58e3df4840d3f47749d09"

[[package]]
name = "raw-cpuid"
version = "10.7.0"
source = "registry+https://github.com/rust-lang/crates.io-index"
checksum = "6c297679cb867470fa8c9f67dbba74a78d78e3e98d7cf2b08d6d71540f797332"
dependencies = [
 "bitflags 1.3.2",
]

[[package]]
name = "runtime_services"
version = "0.1.0"
source = "git+https://github.com/microsoft/mu_rust_helpers.git?tag=v1.2.0#b873b318e70833987422ceab7f61bcee9a487282"
dependencies = [
 "fallible-streaming-iterator",
 "r-efi",
]

[[package]]
name = "rustversion"
version = "1.0.18"
source = "registry+https://github.com/rust-lang/crates.io-index"
checksum = "0e819f2bc632f285be6d7cd36e25940d45b2391dd6d9b939e79de557f7014248"

[[package]]
name = "sample_components"
version = "5.0.0"
source = "git+https://github.com/pop-project/uefi-dxe-core.git?rev=v6.0.0#4c69a19598b3c3e3dad33a2d158c092b876af279"
dependencies = [
 "log",
 "uefi_component_interface",
 "uefi_sdk",
]

[[package]]
name = "scopeguard"
version = "1.2.0"
source = "registry+https://github.com/rust-lang/crates.io-index"
checksum = "94143f37725109f92c262ed2cf5e59bce7498c01bcc1502d7b9afe439a4e9f49"

[[package]]
name = "scroll"
version = "0.12.0"
source = "registry+https://github.com/rust-lang/crates.io-index"
checksum = "6ab8598aa408498679922eff7fa985c25d58a90771bd6be794434c5277eab1a6"
dependencies = [
 "scroll_derive",
]

[[package]]
name = "scroll_derive"
version = "0.12.0"
source = "registry+https://github.com/rust-lang/crates.io-index"
checksum = "7f81c2fde025af7e69b1d1420531c8a8811ca898919db177141a85313b1cb932"
dependencies = [
 "proc-macro2",
 "quote",
 "syn",
]

[[package]]
name = "section_extractor"
version = "6.0.0"
source = "git+https://github.com/pop-project/uefi-core.git?rev=v6.0.1#a513b4004d2fdcc4ed7de2c8b426f034aede84f6"
dependencies = [
 "alloc-no-stdlib",
 "brotli-decompressor",
 "crc32fast",
 "log",
 "mu_pi",
 "mu_rust_helpers 1.2.0 (git+https://github.com/microsoft/mu_rust_helpers?tag=v1.2.1)",
 "r-efi",
 "uefi_sdk",
]

[[package]]
name = "spin"
version = "0.5.2"
source = "registry+https://github.com/rust-lang/crates.io-index"
checksum = "6e63cff320ae2c57904679ba7cb63280a3dc4613885beafb148ee7bf9aa9042d"

[[package]]
name = "spin"
version = "0.9.8"
source = "registry+https://github.com/rust-lang/crates.io-index"
checksum = "6980e8d7511241f8acf4aebddbb1ff938df5eebe98691418c4468d0b72a96a67"
dependencies = [
 "lock_api",
]

[[package]]
name = "spinning_top"
version = "0.2.5"
source = "registry+https://github.com/rust-lang/crates.io-index"
checksum = "5b9eb1a2f4c41445a3a0ff9abc5221c5fcd28e1f13cd7c0397706f9ac938ddb0"
dependencies = [
 "lock_api",
]

[[package]]
name = "syn"
version = "2.0.90"
source = "registry+https://github.com/rust-lang/crates.io-index"
checksum = "919d3b74a5dd0ccd15aeb8f93e7006bd9e14c295087c9896a110f490752bcf31"
dependencies = [
 "proc-macro2",
 "quote",
 "unicode-ident",
]

[[package]]
name = "tap"
version = "1.0.1"
source = "registry+https://github.com/rust-lang/crates.io-index"
checksum = "55937e1799185b12863d447f42597ed69d9928686b8d88a1df17376a097d8369"

[[package]]
name = "tiny-keccak"
version = "2.0.2"
source = "registry+https://github.com/rust-lang/crates.io-index"
checksum = "2c9d3793400a45f954c52e73d068316d76b6f4e36977e3fcebb13a2721e80237"
dependencies = [
 "crunchy",
]

[[package]]
name = "tock-registers"
version = "0.8.1"
source = "registry+https://github.com/rust-lang/crates.io-index"
checksum = "696941a0aee7e276a165a978b37918fd5d22c55c3d6bda197813070ca9c0f21c"

[[package]]
name = "tpl_mutex"
version = "0.1.0"
source = "git+https://github.com/microsoft/mu_rust_helpers.git?tag=v1.2.0#b873b318e70833987422ceab7f61bcee9a487282"
dependencies = [
 "boot_services",
 "r-efi",
]

[[package]]
name = "uart_16550"
version = "0.3.2"
source = "registry+https://github.com/rust-lang/crates.io-index"
checksum = "e492212ac378a5e00da953718dafb1340d9fbaf4f27d6f3c5cab03d931d1c049"
dependencies = [
 "bitflags 2.6.0",
 "rustversion",
 "x86",
]

[[package]]
name = "uefi_collections"
version = "5.0.0"
source = "git+https://github.com/pop-project/uefi-dxe-core.git?rev=v6.0.0#4c69a19598b3c3e3dad33a2d158c092b876af279"
dependencies = [
 "log",
]

[[package]]
name = "uefi_component_interface"
version = "5.0.0"
source = "git+https://github.com/pop-project/uefi-dxe-core.git?rev=v6.0.0#4c69a19598b3c3e3dad33a2d158c092b876af279"
dependencies = [
 "r-efi",
 "uefi_sdk",
]

[[package]]
name = "uefi_cpu"
version = "6.0.0"
source = "git+https://github.com/pop-project/uefi-core.git?rev=v6.0.1#a513b4004d2fdcc4ed7de2c8b426f034aede84f6"
dependencies = [
 "cfg-if",
 "lazy_static",
 "log",
 "mtrr",
 "mu_pi",
 "paging",
 "r-efi",
 "spin 0.9.8",
 "uefi_sdk",
 "x86_64",
]

[[package]]
name = "uefi_debugger"
version = "6.0.0"
source = "git+https://github.com/pop-project/uefi-core.git?rev=v6.0.1#a513b4004d2fdcc4ed7de2c8b426f034aede84f6"
dependencies = [
 "gdbstub",
 "log",
 "paging",
 "spin 0.9.8",
 "uefi_cpu",
 "uefi_sdk",
]

[[package]]
name = "uefi_decompress"
version = "0.1.0"
source = "git+https://github.com/microsoft/mu_rust_helpers.git?tag=v1.2.0#b873b318e70833987422ceab7f61bcee9a487282"
dependencies = [
 "bitvec",
 "log",
]

[[package]]
name = "uefi_decompress"
version = "0.1.0"
source = "git+https://github.com/microsoft/mu_rust_helpers?tag=v1.2.1#d44a8b9f95934ce893a88b154f9087035d8ad77f"
dependencies = [
 "bitvec",
 "log",
]

[[package]]
name = "uefi_depex"
version = "5.0.0"
source = "git+https://github.com/pop-project/uefi-dxe-core.git?rev=v6.0.0#4c69a19598b3c3e3dad33a2d158c092b876af279"
dependencies = [
 "log",
 "r-efi",
 "uuid",
]

[[package]]
name = "uefi_device_path"
version = "5.0.0"
source = "git+https://github.com/pop-project/uefi-dxe-core.git?rev=v6.0.0#4c69a19598b3c3e3dad33a2d158c092b876af279"
dependencies = [
 "r-efi",
]

[[package]]
name = "uefi_sdk"
version = "0.1.0"
source = "git+https://github.com/pop-project/uefi-sdk.git?rev=v0.1.2#128e0e2464750d527d3615153fc0b173390e568f"
dependencies = [
 "log",
 "r-efi",
 "uart_16550",
 "x86_64",
]

[[package]]
name = "unicode-ident"
version = "1.0.14"
source = "registry+https://github.com/rust-lang/crates.io-index"
checksum = "adb9e6ca4f869e1180728b7950e35922a7fc6397f7b641499e8f3ef06e50dc83"

[[package]]
name = "uuid"
version = "1.11.0"
source = "registry+https://github.com/rust-lang/crates.io-index"
checksum = "f8c5f0a0af699448548ad1a2fbf920fb4bee257eae39953ba95cb84891a0446a"

[[package]]
name = "version_check"
version = "0.9.5"
source = "registry+https://github.com/rust-lang/crates.io-index"
checksum = "0b928f33d975fc6ad9f86c8f283853ad26bdd5b10b7f1542aa2fa15e2289105a"

[[package]]
name = "volatile"
version = "0.4.6"
source = "registry+https://github.com/rust-lang/crates.io-index"
checksum = "442887c63f2c839b346c192d047a7c87e73d0689c9157b00b53dcc27dd5ea793"

[[package]]
name = "wasi"
version = "0.11.0+wasi-snapshot-preview1"
source = "registry+https://github.com/rust-lang/crates.io-index"
checksum = "9c8d87e72b64a3b4db28d11ce29237c246188f4f51057d65a7eab63b7987e423"

[[package]]
name = "wyz"
version = "0.5.1"
source = "registry+https://github.com/rust-lang/crates.io-index"
checksum = "05f360fc0b24296329c78fda852a1e9ae82de9cf7b27dae4b7f62f118f77b9ed"
dependencies = [
 "tap",
]

[[package]]
name = "x86"
version = "0.52.0"
source = "registry+https://github.com/rust-lang/crates.io-index"
checksum = "2781db97787217ad2a2845c396a5efe286f87467a5810836db6d74926e94a385"
dependencies = [
 "bit_field",
 "bitflags 1.3.2",
 "raw-cpuid",
]

[[package]]
name = "x86_64"
version = "0.14.13"
source = "registry+https://github.com/rust-lang/crates.io-index"
checksum = "c101112411baafbb4bf8d33e4c4a80ab5b02d74d2612331c61e8192fc9710491"
dependencies = [
 "bit_field",
 "bitflags 2.6.0",
 "rustversion",
 "volatile",
]

[[package]]
name = "zerocopy"
version = "0.7.35"
source = "registry+https://github.com/rust-lang/crates.io-index"
checksum = "1b9b4fd18abc82b8136838da5d50bae7bdea537c574d8dc1a34ed098d6c166f0"
dependencies = [
 "zerocopy-derive",
]

[[package]]
name = "zerocopy-derive"
version = "0.7.35"
source = "registry+https://github.com/rust-lang/crates.io-index"
checksum = "fa4f8080344d4671fb4e831a13ad1e68092748387dfc4f55e356242fae12ce3e"
dependencies = [
 "proc-macro2",
 "quote",
 "syn",
]
