# This file is automatically @generated by Cargo.
# It is not intended for manual editing.
version = 4

[[package]]
name = "aarch64-cpu"
version = "10.0.0"
source = "registry+https://github.com/rust-lang/crates.io-index"
checksum = "6a21cd0131c25c438e19cd6a774adf7e3f64f7f4d723022882facc2dee0f8bc9"
dependencies = [
 "tock-registers",
]

[[package]]
name = "adv_logger"
version = "11.0.0"
source = "registry+https://github.com/rust-lang/crates.io-index"
checksum = "756bb72c173a3d3311cb73567f76d3fa9cd962997a2b02556279c8a6943422e3"
dependencies = [
 "log",
 "mu_pi",
 "mu_rust_helpers",
 "r-efi",
 "spin",
 "uefi_sdk",
 "uefi_test",
]

[[package]]
name = "alloc-no-stdlib"
version = "2.0.4"
source = "registry+https://github.com/rust-lang/crates.io-index"
checksum = "cc7bb162ec39d46ab1ca8c77bf72e890535becd1751bb45f64c597edb4c8c6b3"

[[package]]
name = "arm-gic"
version = "0.1.2"
source = "registry+https://github.com/rust-lang/crates.io-index"
checksum = "8f0dcb1a29e42b98d24e0706354839b8d02f0d01445d819dc06cef8919a57548"
dependencies = [
 "bitflags 2.9.0",
]

[[package]]
name = "autocfg"
version = "1.4.0"
source = "registry+https://github.com/rust-lang/crates.io-index"
checksum = "ace50bade8e6234aa140d9a2f552bbee1db4d353f69b8217bc503490fc1a9f26"

[[package]]
name = "bit_field"
version = "0.10.2"
source = "registry+https://github.com/rust-lang/crates.io-index"
checksum = "dc827186963e592360843fb5ba4b973e145841266c1357f7180c43526f2e5b61"

[[package]]
name = "bitfield-struct"
version = "0.8.0"
source = "registry+https://github.com/rust-lang/crates.io-index"
checksum = "de05f8756f1c68937349406d4632ae96ae35901019b5e59c508d9c38c64715fb"
dependencies = [
 "proc-macro2",
 "quote",
 "syn",
]

[[package]]
name = "bitfield-struct"
version = "0.9.5"
source = "registry+https://github.com/rust-lang/crates.io-index"
checksum = "b2869c63ccf4f8bf0d485070b880e60e097fb7aeea80ee82a0a94a957e372a0b"
dependencies = [
 "proc-macro2",
 "quote",
 "syn",
]

[[package]]
name = "bitfield-struct"
version = "0.10.1"
source = "registry+https://github.com/rust-lang/crates.io-index"
checksum = "2be5a46ba01b60005ae2c51a36a29cfe134bcacae2dd5cedcd4615fbaad1494b"
dependencies = [
 "proc-macro2",
 "quote",
 "syn",
]

[[package]]
name = "bitflags"
version = "1.3.2"
source = "registry+https://github.com/rust-lang/crates.io-index"
checksum = "bef38d45163c2f1dde094a7dfd33ccf595c92905c8f8f4fdc18d06fb1037718a"

[[package]]
name = "bitflags"
version = "2.9.0"
source = "registry+https://github.com/rust-lang/crates.io-index"
checksum = "5c8214115b7bf84099f1309324e63141d4c5d7cc26862f97a0a857dbefe165bd"

[[package]]
name = "bitvec"
version = "1.0.1"
source = "registry+https://github.com/rust-lang/crates.io-index"
checksum = "1bc2832c24239b0141d5674bb9174f9d68a8b5b3f2753311927c172ca46f7e9c"
dependencies = [
 "funty",
 "radium",
 "tap",
 "wyz",
]

[[package]]
name = "boot_services"
version = "5.0.1"
source = "registry+https://github.com/rust-lang/crates.io-index"
checksum = "fa64f7c511ece5d6482ec4090eb120677aaab7e938c100ea6c18ae0f3a05f805"
dependencies = [
 "r-efi",
 "uefi_protocol",
]

[[package]]
name = "brotli-decompressor"
version = "4.0.2"
source = "registry+https://github.com/rust-lang/crates.io-index"
checksum = "74fa05ad7d803d413eb8380983b092cbbaf9a85f151b871360e7b00cd7060b37"
dependencies = [
 "alloc-no-stdlib",
]

[[package]]
name = "cfg-if"
version = "1.0.0"
source = "registry+https://github.com/rust-lang/crates.io-index"
checksum = "baf1de4339761588bc0619e3cbc0120ee582ebb74b53b4efbf79117bd2da40fd"

[[package]]
name = "compile-time"
version = "0.2.0"
source = "registry+https://github.com/rust-lang/crates.io-index"
checksum = "e55ede5279d4d7c528906853743abeb26353ae1e6c440fcd6d18316c2c2dd903"
dependencies = [
 "once_cell",
 "proc-macro2",
 "quote",
 "rustc_version",
 "semver",
 "time",
]

[[package]]
name = "crc32fast"
version = "1.4.2"
source = "registry+https://github.com/rust-lang/crates.io-index"
checksum = "a97769d94ddab943e4510d138150169a2758b5ef3eb191a9ee688de3e23ef7b3"
dependencies = [
 "cfg-if",
]

[[package]]
name = "deranged"
version = "0.4.1"
source = "registry+https://github.com/rust-lang/crates.io-index"
checksum = "28cfac68e08048ae1883171632c2aef3ebc555621ae56fbccce1cbf22dd7f058"
dependencies = [
 "powerfmt",
]

[[package]]
name = "driver_binding"
version = "5.0.1"
source = "registry+https://github.com/rust-lang/crates.io-index"
checksum = "27c5c602d6d86912e5e141850d7735d14188414af2788556090f393b94b31557"
dependencies = [
 "boot_services",
 "log",
 "r-efi",
 "uefi_protocol",
]

[[package]]
name = "dxe_core"
version = "11.0.0"
source = "registry+https://github.com/rust-lang/crates.io-index"
checksum = "7da658e8a6071394e3e1cfe7cee4dd2052d101a6d860bdb45e30bc7b57312a0f"
dependencies = [
 "arm-gic",
 "compile-time",
 "crc32fast",
 "goblin",
 "lazy_static",
 "linked_list_allocator",
 "log",
 "mu_pi",
 "mu_rust_helpers",
 "paging",
 "r-efi",
 "scroll",
 "spin",
 "uefi_collections",
 "uefi_corosensei",
 "uefi_cpu",
 "uefi_debugger",
 "uefi_depex",
 "uefi_device_path",
 "uefi_performance",
 "uefi_sdk",
 "uuid",
]

[[package]]
name = "fallible-streaming-iterator"
version = "0.1.9"
source = "registry+https://github.com/rust-lang/crates.io-index"
checksum = "7360491ce676a36bf9bb3c56c1aa791658183a54d2744120f27285738d90465a"

[[package]]
name = "fixedbitset"
version = "0.5.7"
source = "registry+https://github.com/rust-lang/crates.io-index"
checksum = "1d674e81391d1e1ab681a28d99df07927c6d4aa5b027d7da16ba32d1d21ecd99"

[[package]]
name = "funty"
version = "2.0.0"
source = "registry+https://github.com/rust-lang/crates.io-index"
checksum = "e6d5a32815ae3f33302d95fdcb2ce17862f8c65363dcfd29360480ba1001fc9c"

[[package]]
name = "gdbstub"
version = "0.7.5"
source = "registry+https://github.com/rust-lang/crates.io-index"
checksum = "8062b93565ea9fe2e60a0dd3c252f0d48c27cf223dad7ead028e361181a2c1a5"
dependencies = [
 "bitflags 2.9.0",
 "cfg-if",
 "log",
 "managed",
 "num-traits",
 "paste",
]

[[package]]
name = "goblin"
version = "0.9.3"
source = "registry+https://github.com/rust-lang/crates.io-index"
checksum = "daa0a64d21a7eb230583b4c5f4e23b7e4e57974f96620f42a7e75e08ae66d745"
dependencies = [
 "log",
 "plain",
 "scroll",
]

[[package]]
name = "indoc"
version = "2.0.6"
source = "registry+https://github.com/rust-lang/crates.io-index"
checksum = "f4c7245a08504955605670dbf141fceab975f15ca21570696aebe9d2e71576bd"

[[package]]
name = "itoa"
version = "1.0.15"
source = "registry+https://github.com/rust-lang/crates.io-index"
checksum = "4a5f13b858c8d314ee3e8f639011f7ccefe71f97f96e50151fb991f267928e2c"

[[package]]
name = "lazy_static"
version = "1.5.0"
source = "registry+https://github.com/rust-lang/crates.io-index"
checksum = "bbd2bcb4c963f2ddae06a2efc7e9f3591312473c50c6685e1f298068316e66fe"
dependencies = [
 "spin",
]

[[package]]
name = "linked_list_allocator"
version = "0.10.5"
source = "registry+https://github.com/rust-lang/crates.io-index"
checksum = "9afa463f5405ee81cdb9cc2baf37e08ec7e4c8209442b5d72c04cfb2cd6e6286"
dependencies = [
 "spinning_top",
]

[[package]]
name = "linkme"
version = "0.3.32"
source = "registry+https://github.com/rust-lang/crates.io-index"
checksum = "22d227772b5999ddc0690e733f734f95ca05387e329c4084fe65678c51198ffe"
dependencies = [
 "linkme-impl",
]

[[package]]
name = "linkme-impl"
version = "0.3.32"
source = "registry+https://github.com/rust-lang/crates.io-index"
checksum = "71a98813fa0073a317ed6a8055dcd4722a49d9b862af828ee68449adb799b6be"
dependencies = [
 "proc-macro2",
 "quote",
 "syn",
]

[[package]]
name = "lock_api"
version = "0.4.12"
source = "registry+https://github.com/rust-lang/crates.io-index"
checksum = "07af8b9cdd281b7915f413fa73f29ebd5d55d0d3f0155584dade1ff18cea1b17"
dependencies = [
 "autocfg",
 "scopeguard",
]

[[package]]
name = "log"
version = "0.4.22"
source = "registry+https://github.com/rust-lang/crates.io-index"
checksum = "a7a70ba024b9dc04c27ea2f0c0548feb474ec5c54bba33a7f72f873a39d07b24"

[[package]]
name = "managed"
version = "0.8.0"
source = "registry+https://github.com/rust-lang/crates.io-index"
checksum = "0ca88d725a0a943b096803bd34e73a4437208b6077654cc4ecb2947a5f91618d"

[[package]]
name = "mtrr"
version = "0.1.0"
source = "registry+https://github.com/rust-lang/crates.io-index"
checksum = "937d574490179832f81e575253ff407bb6e534b082fd1d06d5755e4009526504"
dependencies = [
 "bitfield-struct 0.8.0",
]

[[package]]
name = "mu_pi"
version = "5.2.3"
source = "registry+https://github.com/rust-lang/crates.io-index"
checksum = "7e842f7441b9946fcc0942bdddd404a171133a7df066ac84c18ba409bb285391"
dependencies = [
 "indoc",
 "num-traits",
 "r-efi",
 "uuid",
]

[[package]]
name = "mu_rust_helpers"
version = "3.0.1"
source = "registry+https://github.com/rust-lang/crates.io-index"
checksum = "eed038d2dc3a2d5f06774d526d677e4fb9ff054491c2d3a9fe27fe69804a361b"
dependencies = [
 "mu_uefi_decompress",
 "mu_uefi_guid",
 "mu_uefi_perf_timer",
]

[[package]]
name = "mu_uefi_decompress"
version = "3.0.1"
source = "registry+https://github.com/rust-lang/crates.io-index"
checksum = "ec6cd0d1d100d366e10f054039fdcf81002142d0561ed4eff7ed59bea370649c"
dependencies = [
 "bitvec",
 "log",
]

[[package]]
name = "mu_uefi_guid"
version = "3.0.1"
source = "registry+https://github.com/rust-lang/crates.io-index"
checksum = "65a4eecc186789a3686767e1653f220b947b0e552db1d8d1625c4b1e62711a9f"
dependencies = [
 "r-efi",
 "uuid",
]

[[package]]
name = "mu_uefi_perf_timer"
version = "3.0.1"
source = "registry+https://github.com/rust-lang/crates.io-index"
checksum = "6011d836af33966e1ed8fc93e892dc722a733fa8537525cdee73a56ded76f0fa"
dependencies = [
 "aarch64-cpu",
 "log",
]

[[package]]
name = "num-conv"
version = "0.1.0"
source = "registry+https://github.com/rust-lang/crates.io-index"
checksum = "51d515d32fb182ee37cda2ccdcb92950d6a3c2893aa280e540671c2cd0f3b1d9"

[[package]]
name = "num-traits"
version = "0.2.19"
source = "registry+https://github.com/rust-lang/crates.io-index"
checksum = "071dfc062690e90b734c0b2273ce72ad0ffa95f0c74596bc250dcfd960262841"
dependencies = [
 "autocfg",
]

[[package]]
name = "once_cell"
version = "1.21.3"
source = "registry+https://github.com/rust-lang/crates.io-index"
checksum = "42f5e15c9953c5e4ccceeb2e7382a716482c34515315f7b03532b8b4e8393d2d"

[[package]]
name = "paging"
version = "4.0.0"
source = "registry+https://github.com/rust-lang/crates.io-index"
checksum = "362209772ab3589e8259cd0d92c086081b20a2a540c2ea9a00fc3ac0ec34e95f"
dependencies = [
 "bitfield-struct 0.10.1",
 "bitflags 2.9.0",
 "log",
]

[[package]]
name = "paste"
version = "1.0.15"
source = "registry+https://github.com/rust-lang/crates.io-index"
checksum = "57c0d7b74b563b49d38dae00a0c37d4d6de9b432382b2892f0574ddcae73fd0a"

[[package]]
name = "plain"
version = "0.2.3"
source = "registry+https://github.com/rust-lang/crates.io-index"
checksum = "b4596b6d070b27117e987119b4dac604f3c58cfb0b191112e24771b2faeac1a6"

[[package]]
name = "powerfmt"
version = "0.2.0"
source = "registry+https://github.com/rust-lang/crates.io-index"
checksum = "439ee305def115ba05938db6eb1644ff94165c5ab5e9420d1c1bcedbba909391"

[[package]]
name = "proc-macro2"
version = "1.0.94"
source = "registry+https://github.com/rust-lang/crates.io-index"
checksum = "a31971752e70b8b2686d7e46ec17fb38dad4051d94024c88df49b667caea9c84"
dependencies = [
 "unicode-ident",
]

[[package]]
name = "qemu_dxe_core"
version = "0.3.1"
dependencies = [
 "adv_logger",
 "dxe_core",
 "log",
 "sample_components",
 "section_extractor",
 "stacktrace",
 "uefi_debugger",
 "uefi_sdk",
]

[[package]]
name = "quote"
version = "1.0.40"
source = "registry+https://github.com/rust-lang/crates.io-index"
checksum = "1885c039570dc00dcb4ff087a89e185fd56bae234ddc7f056a945bf36467248d"
dependencies = [
 "proc-macro2",
]

[[package]]
name = "r-efi"
version = "5.2.0"
source = "registry+https://github.com/rust-lang/crates.io-index"
checksum = "74765f6d916ee2faa39bc8e68e4f3ed8949b48cccdac59983d287a7cb71ce9c5"

[[package]]
name = "radium"
version = "0.7.0"
source = "registry+https://github.com/rust-lang/crates.io-index"
checksum = "dc33ff2d4973d518d823d61aa239014831e521c75da58e3df4840d3f47749d09"

[[package]]
name = "raw-cpuid"
version = "10.7.0"
source = "registry+https://github.com/rust-lang/crates.io-index"
checksum = "6c297679cb867470fa8c9f67dbba74a78d78e3e98d7cf2b08d6d71540f797332"
dependencies = [
 "bitflags 1.3.2",
]

[[package]]
name = "runtime_services"
version = "5.0.1"
source = "registry+https://github.com/rust-lang/crates.io-index"
checksum = "762d4d38ba2bc5404bf8fa6d5e6b73ea3a208cfccddc6f55ca0a1360a6943be5"
dependencies = [
 "fallible-streaming-iterator",
 "r-efi",
]

[[package]]
name = "rustc_version"
version = "0.4.1"
source = "registry+https://github.com/rust-lang/crates.io-index"
checksum = "cfcb3a22ef46e85b45de6ee7e79d063319ebb6594faafcf1c225ea92ab6e9b92"
dependencies = [
 "semver",
]

[[package]]
name = "rustversion"
version = "1.0.20"
source = "registry+https://github.com/rust-lang/crates.io-index"
checksum = "eded382c5f5f786b989652c49544c4877d9f015cc22e145a5ea8ea66c2921cd2"

[[package]]
name = "sample_components"
version = "11.0.0"
source = "registry+https://github.com/rust-lang/crates.io-index"
checksum = "5a012faef82344b158f98f5f26b3ee190d493d448218fc47dd8eff57165197b4"
dependencies = [
 "log",
 "uefi_sdk",
]

[[package]]
name = "scopeguard"
version = "1.2.0"
source = "registry+https://github.com/rust-lang/crates.io-index"
checksum = "94143f37725109f92c262ed2cf5e59bce7498c01bcc1502d7b9afe439a4e9f49"

[[package]]
name = "scroll"
version = "0.12.0"
source = "registry+https://github.com/rust-lang/crates.io-index"
checksum = "6ab8598aa408498679922eff7fa985c25d58a90771bd6be794434c5277eab1a6"
dependencies = [
 "scroll_derive",
]

[[package]]
name = "scroll_derive"
version = "0.12.1"
source = "registry+https://github.com/rust-lang/crates.io-index"
checksum = "1783eabc414609e28a5ba76aee5ddd52199f7107a0b24c2e9746a1ecc34a683d"
dependencies = [
 "proc-macro2",
 "quote",
 "syn",
]

[[package]]
name = "section_extractor"
version = "13.0.1"
source = "registry+https://github.com/rust-lang/crates.io-index"
checksum = "cbbb53b744125efa766b97b909e4adac6bcd004fedf470910750695693040140"
dependencies = [
 "alloc-no-stdlib",
 "brotli-decompressor",
 "crc32fast",
 "log",
 "mu_pi",
 "mu_rust_helpers",
 "r-efi",
 "uefi_sdk",
]

[[package]]
name = "semver"
version = "1.0.26"
source = "registry+https://github.com/rust-lang/crates.io-index"
checksum = "56e6fa9c48d24d85fb3de5ad847117517440f6beceb7798af16b4a87d616b8d0"

[[package]]
name = "serde"
version = "1.0.219"
source = "registry+https://github.com/rust-lang/crates.io-index"
checksum = "5f0e2c6ed6606019b4e29e69dbaba95b11854410e5347d525002456dbbb786b6"
dependencies = [
 "serde_derive",
]

[[package]]
name = "serde_derive"
version = "1.0.219"
source = "registry+https://github.com/rust-lang/crates.io-index"
checksum = "5b0276cf7f2c73365f7157c8123c21cd9a50fbbd844757af28ca1f5925fc2a00"
dependencies = [
 "proc-macro2",
 "quote",
 "syn",
]

[[package]]
name = "spin"
version = "0.9.8"
source = "registry+https://github.com/rust-lang/crates.io-index"
checksum = "6980e8d7511241f8acf4aebddbb1ff938df5eebe98691418c4468d0b72a96a67"
dependencies = [
 "lock_api",
]

[[package]]
name = "spinning_top"
version = "0.2.5"
source = "registry+https://github.com/rust-lang/crates.io-index"
checksum = "5b9eb1a2f4c41445a3a0ff9abc5221c5fcd28e1f13cd7c0397706f9ac938ddb0"
dependencies = [
 "lock_api",
]

[[package]]
name = "stacktrace"
version = "13.0.1"
source = "registry+https://github.com/rust-lang/crates.io-index"
checksum = "9a40fd2e03adac223b345713601f20233888410d00862a04db411c25e472aa82"
dependencies = [
 "cfg-if",
 "log",
]

[[package]]
name = "syn"
version = "2.0.100"
source = "registry+https://github.com/rust-lang/crates.io-index"
checksum = "b09a44accad81e1ba1cd74a32461ba89dee89095ba17b32f5d03683b1b1fc2a0"
dependencies = [
 "proc-macro2",
 "quote",
 "unicode-ident",
]

[[package]]
name = "tap"
version = "1.0.1"
source = "registry+https://github.com/rust-lang/crates.io-index"
checksum = "55937e1799185b12863d447f42597ed69d9928686b8d88a1df17376a097d8369"

[[package]]
name = "time"
version = "0.3.41"
source = "registry+https://github.com/rust-lang/crates.io-index"
checksum = "8a7619e19bc266e0f9c5e6686659d394bc57973859340060a69221e57dbc0c40"
dependencies = [
 "deranged",
 "itoa",
 "num-conv",
 "powerfmt",
 "serde",
 "time-core",
 "time-macros",
]

[[package]]
name = "time-core"
version = "0.1.4"
source = "registry+https://github.com/rust-lang/crates.io-index"
checksum = "c9e9a38711f559d9e3ce1cdb06dd7c5b8ea546bc90052da6d06bb76da74bb07c"

[[package]]
name = "time-macros"
version = "0.2.22"
source = "registry+https://github.com/rust-lang/crates.io-index"
checksum = "3526739392ec93fd8b359c8e98514cb3e8e021beb4e5f597b00a0221f8ed8a49"
dependencies = [
 "num-conv",
 "time-core",
]

[[package]]
name = "tock-registers"
version = "0.9.0"
source = "registry+https://github.com/rust-lang/crates.io-index"
checksum = "2b9e2fdb3a1e862c0661768b7ed25390811df1947a8acbfbefe09b47078d93c4"

[[package]]
name = "tpl_mutex"
version = "5.0.1"
source = "registry+https://github.com/rust-lang/crates.io-index"
checksum = "1585419f7da86cf65068adeb797165aa00183af486453444c552f386cbb81965"
dependencies = [
 "boot_services",
 "r-efi",
]

[[package]]
name = "uart_16550"
version = "0.3.2"
source = "registry+https://github.com/rust-lang/crates.io-index"
checksum = "e492212ac378a5e00da953718dafb1340d9fbaf4f27d6f3c5cab03d931d1c049"
dependencies = [
 "bitflags 2.9.0",
 "rustversion",
 "x86",
]

[[package]]
name = "uefi_collections"
version = "11.0.0"
source = "registry+https://github.com/rust-lang/crates.io-index"
checksum = "4aed2878c275dc533d7381afbb26eddaeedeb21ac9e36689efed37890e17c88b"
dependencies = [
 "log",
]

[[package]]
name = "uefi_corosensei"
version = "0.1.3"
source = "registry+https://github.com/rust-lang/crates.io-index"
checksum = "3cb08f1b3a8577cd35e27ca5840e48dfcf87fab36ca9c7de329482955915f407"
dependencies = [
 "autocfg",
 "cfg-if",
 "scopeguard",
]

[[package]]
name = "uefi_cpu"
version = "13.0.1"
source = "registry+https://github.com/rust-lang/crates.io-index"
checksum = "8b8f50dd24b7aaa0df4d20885f6b47c99b92c4a15df4bcc4176c125b49c37145"
dependencies = [
 "arm-gic",
 "cfg-if",
 "lazy_static",
 "log",
 "mtrr",
 "mu_pi",
 "paging",
 "r-efi",
 "spin",
 "stacktrace",
 "uefi_sdk",
 "x86_64",
]

[[package]]
name = "uefi_debugger"
version = "13.0.1"
source = "registry+https://github.com/rust-lang/crates.io-index"
checksum = "96e1ccbbe8348e0e7dc5cc0f5af2011d291553155f63cb1d4273812b1be2add5"
dependencies = [
 "bitfield-struct 0.9.5",
 "cfg-if",
 "gdbstub",
 "log",
 "paging",
 "spin",
 "uefi_cpu",
 "uefi_sdk",
]

[[package]]
name = "uefi_depex"
version = "11.0.0"
source = "registry+https://github.com/rust-lang/crates.io-index"
checksum = "eab5e3a7ad42c0b7853259fe5ca1e1d46f2f3c8c9f0e321622381bcf508f45c5"
dependencies = [
 "log",
 "r-efi",
 "uuid",
]

[[package]]
name = "uefi_device_path"
version = "11.0.0"
source = "registry+https://github.com/rust-lang/crates.io-index"
checksum = "270a6d957036e6d74611e4671cbb99eb8de8afd8e1bf22478fc51888b6a7cb79"
dependencies = [
 "r-efi",
]

[[package]]
name = "uefi_performance"
version = "11.0.0"
source = "registry+https://github.com/rust-lang/crates.io-index"
checksum = "281d035bb66206e9b2cafeb1826c1372167651cc557a47ea0cefbc0a23474cfe"
dependencies = [
 "log",
 "mu_pi",
 "mu_rust_helpers",
 "r-efi",
 "scroll",
 "uefi_device_path",
 "uefi_sdk",
 "uuid",
]

[[package]]
name = "uefi_protocol"
version = "5.0.1"
source = "registry+https://github.com/rust-lang/crates.io-index"
checksum = "0475c90f13237a9f8f1d2fe5425d46473c4c573adfadffaef8a1bb3489ea7274"
dependencies = [
 "r-efi",
]

[[package]]
name = "uefi_sdk"
version = "5.0.1"
source = "registry+https://github.com/rust-lang/crates.io-index"
checksum = "b43a293fa3d361cf680231c9418413d1f389c2cfa7c3a4173e7ca7692be843d2"
dependencies = [
 "boot_services",
 "cfg-if",
 "driver_binding",
 "fixedbitset",
 "log",
 "mu_pi",
 "r-efi",
 "runtime_services",
 "tpl_mutex",
 "uart_16550",
 "uefi_protocol",
 "uefi_sdk_macro",
 "x86_64",
]

[[package]]
name = "uefi_sdk_macro"
version = "5.0.1"
source = "registry+https://github.com/rust-lang/crates.io-index"
checksum = "3d49c7dea9919dc4069e97e884f5f35230248c1f50e1c28f15b2edecd4e58328"
dependencies = [
 "proc-macro2",
 "quote",
 "syn",
 "uuid",
]

[[package]]
name = "uefi_test"
version = "11.0.0"
source = "registry+https://github.com/rust-lang/crates.io-index"
checksum = "2807676ca0e56e2f772c1dddbe847b2d9cbddcc061e05ae033a3e1c8d2bfec76"
dependencies = [
 "linkme",
 "log",
 "uefi_sdk",
 "uefi_test_macro",
]

[[package]]
name = "uefi_test_macro"
version = "11.0.0"
source = "registry+https://github.com/rust-lang/crates.io-index"
checksum = "06978c60c10edefb6285693a005eee950f17e14d06602a8f8ca0179d207fb61e"
dependencies = [
 "proc-macro2",
 "quote",
 "syn",
]

[[package]]
name = "unicode-ident"
version = "1.0.18"
source = "registry+https://github.com/rust-lang/crates.io-index"
checksum = "5a5f39404a5da50712a4c1eecf25e90dd62b613502b7e925fd4e4d19b5c96512"

[[package]]
name = "uuid"
version = "1.16.0"
source = "registry+https://github.com/rust-lang/crates.io-index"
checksum = "458f7a779bf54acc9f347480ac654f68407d3aab21269a6e3c9f922acd9e2da9"

[[package]]
name = "volatile"
version = "0.4.6"
source = "registry+https://github.com/rust-lang/crates.io-index"
checksum = "442887c63f2c839b346c192d047a7c87e73d0689c9157b00b53dcc27dd5ea793"

[[package]]
name = "wyz"
version = "0.5.1"
source = "registry+https://github.com/rust-lang/crates.io-index"
checksum = "05f360fc0b24296329c78fda852a1e9ae82de9cf7b27dae4b7f62f118f77b9ed"
dependencies = [
 "tap",
]

[[package]]
name = "x86"
version = "0.52.0"
source = "registry+https://github.com/rust-lang/crates.io-index"
checksum = "2781db97787217ad2a2845c396a5efe286f87467a5810836db6d74926e94a385"
dependencies = [
 "bit_field",
 "bitflags 1.3.2",
 "raw-cpuid",
]

[[package]]
name = "x86_64"
version = "0.15.2"
source = "registry+https://github.com/rust-lang/crates.io-index"
checksum = "0f042214de98141e9c8706e8192b73f56494087cc55ebec28ce10f26c5c364ae"
dependencies = [
 "bit_field",
 "bitflags 2.9.0",
 "rustversion",
 "volatile",
]
